
Microsoft Visual Studio Solution File, Format Version 12.00
# Visual Studio Version 17
VisualStudioVersion = 17.6.33829.357
MinimumVisualStudioVersion = 10.0.40219.1
Project("{FAE04EC0-301F-11D3-BF4B-00C04F79EFBC}") = "SimpleLoop", "SimpleLoop.csproj", "{FA9449AC-57A5-4651-ACC1-BE3D27D7D352}"
EndProject
Global
	GlobalSection(SolutionConfigurationPlatforms) = preSolution
		Debug|Any CPU = Debug|Any CPU
		Release|Any CPU = Release|Any CPU
	EndGlobalSection
	GlobalSection(ProjectConfigurationPlatforms) = postSolution
		{FA9449AC-57A5-4651-ACC1-BE3D27D7D352}.Debug|Any CPU.ActiveCfg = Debug|Any CPU
		{FA9449AC-57A5-4651-ACC1-BE3D27D7D352}.Debug|Any CPU.Build.0 = Debug|Any CPU
		{FA9449AC-57A5-4651-ACC1-BE3D27D7D352}.Release|Any CPU.ActiveCfg = Release|Any CPU
		{FA9449AC-57A5-4651-ACC1-BE3D27D7D352}.Release|Any CPU.Build.0 = Release|Any CPU
	EndGlobalSection
	GlobalSection(SolutionProperties) = preSolution
		HideSolutionNode = FALSE
	EndGlobalSection
	GlobalSection(ExtensibilityGlobals) = postSolution
		SolutionGuid = {F02B3FBD-C73A-4BF0-AD28-76F9519279D1}
	EndGlobalSection
EndGlobal
